
Microsoft Visual Studio Solution File, Format Version 12.00
# Visual Studio Version 17
VisualStudioVersion = 17.14.36511.14 d17.14
MinimumVisualStudioVersion = 10.0.40219.1
Project("{FAE04EC0-301F-11D3-BF4B-00C04F79EFBC}") = "BaranggaySystem.Api", "BaranggaySystem.Api\BaranggaySystem.Api.csproj", "{2CBE0D13-4119-4EAD-A349-B8755A9CB6E5}"
EndProject
Project("{FAE04EC0-301F-11D3-BF4B-00C04F79EFBC}") = "BaranggaySystem.Application", "BaramggaySystem.Application\BaranggaySystem.Application.csproj", "{7754A435-83BE-4C69-844A-83B20ECE5993}"
EndProject
Project("{FAE04EC0-301F-11D3-BF4B-00C04F79EFBC}") = "BaranggaySystem.Domain", "BaramggaySystem.Domain\BaranggaySystem.Domain.csproj", "{8EEC5834-C7A2-4730-96D9-EB982524751A}"
EndProject
Project("{FAE04EC0-301F-11D3-BF4B-00C04F79EFBC}") = "BaranggaySystem.Infrastructure", "BaramggaySystem.Infrastructure\BaranggaySystem.Infrastructure.csproj", "{E538D180-F30F-43BA-8FDB-2CA59121D785}"
EndProject
Global
	GlobalSection(SolutionConfigurationPlatforms) = preSolution
		Debug|Any CPU = Debug|Any CPU
		Release|Any CPU = Release|Any CPU
	EndGlobalSection
	GlobalSection(ProjectConfigurationPlatforms) = postSolution
		{2CBE0D13-4119-4EAD-A349-B8755A9CB6E5}.Debug|Any CPU.ActiveCfg = Debug|Any CPU
		{2CBE0D13-4119-4EAD-A349-B8755A9CB6E5}.Debug|Any CPU.Build.0 = Debug|Any CPU
		{2CBE0D13-4119-4EAD-A349-B8755A9CB6E5}.Release|Any CPU.ActiveCfg = Release|Any CPU
		{2CBE0D13-4119-4EAD-A349-B8755A9CB6E5}.Release|Any CPU.Build.0 = Release|Any CPU
		{7754A435-83BE-4C69-844A-83B20ECE5993}.Debug|Any CPU.ActiveCfg = Debug|Any CPU
		{7754A435-83BE-4C69-844A-83B20ECE5993}.Debug|Any CPU.Build.0 = Debug|Any CPU
		{7754A435-83BE-4C69-844A-83B20ECE5993}.Release|Any CPU.ActiveCfg = Release|Any CPU
		{7754A435-83BE-4C69-844A-83B20ECE5993}.Release|Any CPU.Build.0 = Release|Any CPU
		{8EEC5834-C7A2-4730-96D9-EB982524751A}.Debug|Any CPU.ActiveCfg = Debug|Any CPU
		{8EEC5834-C7A2-4730-96D9-EB982524751A}.Debug|Any CPU.Build.0 = Debug|Any CPU
		{8EEC5834-C7A2-4730-96D9-EB982524751A}.Release|Any CPU.ActiveCfg = Release|Any CPU
		{8EEC5834-C7A2-4730-96D9-EB982524751A}.Release|Any CPU.Build.0 = Release|Any CPU
		{E538D180-F30F-43BA-8FDB-2CA59121D785}.Debug|Any CPU.ActiveCfg = Debug|Any CPU
		{E538D180-F30F-43BA-8FDB-2CA59121D785}.Debug|Any CPU.Build.0 = Debug|Any CPU
		{E538D180-F30F-43BA-8FDB-2CA59121D785}.Release|Any CPU.ActiveCfg = Release|Any CPU
		{E538D180-F30F-43BA-8FDB-2CA59121D785}.Release|Any CPU.Build.0 = Release|Any CPU
	EndGlobalSection
	GlobalSection(SolutionProperties) = preSolution
		HideSolutionNode = FALSE
	EndGlobalSection
	GlobalSection(ExtensibilityGlobals) = postSolution
		SolutionGuid = {7DD308FC-E0A3-4659-B8D4-A704CBAB3C0B}
	EndGlobalSection
EndGlobal
