
Microsoft Visual Studio Solution File, Format Version 12.00
# Visual Studio Version 17
VisualStudioVersion = 17.14.36511.14
MinimumVisualStudioVersion = 10.0.40219.1
Project("{FAE04EC0-301F-11D3-BF4B-00C04F79EFBC}") = "BarangaySystem.Api", "BarangaySystem.Api\BarangaySystem.Api.csproj", "{CD9FB3FF-FC47-44F9-8AD6-90EF483EFE78}"
EndProject
Project("{FAE04EC0-301F-11D3-BF4B-00C04F79EFBC}") = "BarangaySystem.Application", "BarangaySystem.Application\BarangaySystem.Application.csproj", "{77898E77-CE49-419A-A89C-A21663D2BFC2}"
EndProject
Project("{FAE04EC0-301F-11D3-BF4B-00C04F79EFBC}") = "BarangaySystem.Domain", "BarangaySystem.Domain\BarangaySystem.Domain.csproj", "{121C098A-9D0B-428B-B41A-43DB9730F449}"
EndProject
Project("{FAE04EC0-301F-11D3-BF4B-00C04F79EFBC}") = "BarangaySystem.Infrastructure", "BarangaySystem.Infrastructure\BarangaySystem.Infrastructure.csproj", "{D57F09F5-31D0-462C-BF88-B0137F684B0E}"
EndProject
Global
	GlobalSection(SolutionConfigurationPlatforms) = preSolution
		Debug|Any CPU = Debug|Any CPU
		Debug|x64 = Debug|x64
		Debug|x86 = Debug|x86
		Release|Any CPU = Release|Any CPU
		Release|x64 = Release|x64
		Release|x86 = Release|x86
	EndGlobalSection
	GlobalSection(ProjectConfigurationPlatforms) = postSolution
		{CD9FB3FF-FC47-44F9-8AD6-90EF483EFE78}.Debug|Any CPU.ActiveCfg = Debug|Any CPU
		{CD9FB3FF-FC47-44F9-8AD6-90EF483EFE78}.Debug|Any CPU.Build.0 = Debug|Any CPU
		{CD9FB3FF-FC47-44F9-8AD6-90EF483EFE78}.Debug|x64.ActiveCfg = Debug|Any CPU
		{CD9FB3FF-FC47-44F9-8AD6-90EF483EFE78}.Debug|x64.Build.0 = Debug|Any CPU
		{CD9FB3FF-FC47-44F9-8AD6-90EF483EFE78}.Debug|x86.ActiveCfg = Debug|Any CPU
		{CD9FB3FF-FC47-44F9-8AD6-90EF483EFE78}.Debug|x86.Build.0 = Debug|Any CPU
		{CD9FB3FF-FC47-44F9-8AD6-90EF483EFE78}.Release|Any CPU.ActiveCfg = Release|Any CPU
		{CD9FB3FF-FC47-44F9-8AD6-90EF483EFE78}.Release|Any CPU.Build.0 = Release|Any CPU
		{CD9FB3FF-FC47-44F9-8AD6-90EF483EFE78}.Release|x64.ActiveCfg = Release|Any CPU
		{CD9FB3FF-FC47-44F9-8AD6-90EF483EFE78}.Release|x64.Build.0 = Release|Any CPU
		{CD9FB3FF-FC47-44F9-8AD6-90EF483EFE78}.Release|x86.ActiveCfg = Release|Any CPU
		{CD9FB3FF-FC47-44F9-8AD6-90EF483EFE78}.Release|x86.Build.0 = Release|Any CPU
		{77898E77-CE49-419A-A89C-A21663D2BFC2}.Debug|Any CPU.ActiveCfg = Debug|Any CPU
		{77898E77-CE49-419A-A89C-A21663D2BFC2}.Debug|Any CPU.Build.0 = Debug|Any CPU
		{77898E77-CE49-419A-A89C-A21663D2BFC2}.Debug|x64.ActiveCfg = Debug|Any CPU
		{77898E77-CE49-419A-A89C-A21663D2BFC2}.Debug|x64.Build.0 = Debug|Any CPU
		{77898E77-CE49-419A-A89C-A21663D2BFC2}.Debug|x86.ActiveCfg = Debug|Any CPU
		{77898E77-CE49-419A-A89C-A21663D2BFC2}.Debug|x86.Build.0 = Debug|Any CPU
		{77898E77-CE49-419A-A89C-A21663D2BFC2}.Release|Any CPU.ActiveCfg = Release|Any CPU
		{77898E77-CE49-419A-A89C-A21663D2BFC2}.Release|Any CPU.Build.0 = Release|Any CPU
		{77898E77-CE49-419A-A89C-A21663D2BFC2}.Release|x64.ActiveCfg = Release|Any CPU
		{77898E77-CE49-419A-A89C-A21663D2BFC2}.Release|x64.Build.0 = Release|Any CPU
		{77898E77-CE49-419A-A89C-A21663D2BFC2}.Release|x86.ActiveCfg = Release|Any CPU
		{77898E77-CE49-419A-A89C-A21663D2BFC2}.Release|x86.Build.0 = Release|Any CPU
		{121C098A-9D0B-428B-B41A-43DB9730F449}.Debug|Any CPU.ActiveCfg = Debug|Any CPU
		{121C098A-9D0B-428B-B41A-43DB9730F449}.Debug|Any CPU.Build.0 = Debug|Any CPU
		{121C098A-9D0B-428B-B41A-43DB9730F449}.Debug|x64.ActiveCfg = Debug|Any CPU
		{121C098A-9D0B-428B-B41A-43DB9730F449}.Debug|x64.Build.0 = Debug|Any CPU
		{121C098A-9D0B-428B-B41A-43DB9730F449}.Debug|x86.ActiveCfg = Debug|Any CPU
		{121C098A-9D0B-428B-B41A-43DB9730F449}.Debug|x86.Build.0 = Debug|Any CPU
		{121C098A-9D0B-428B-B41A-43DB9730F449}.Release|Any CPU.ActiveCfg = Release|Any CPU
		{121C098A-9D0B-428B-B41A-43DB9730F449}.Release|Any CPU.Build.0 = Release|Any CPU
		{121C098A-9D0B-428B-B41A-43DB9730F449}.Release|x64.ActiveCfg = Release|Any CPU
		{121C098A-9D0B-428B-B41A-43DB9730F449}.Release|x64.Build.0 = Release|Any CPU
		{121C098A-9D0B-428B-B41A-43DB9730F449}.Release|x86.ActiveCfg = Release|Any CPU
		{121C098A-9D0B-428B-B41A-43DB9730F449}.Release|x86.Build.0 = Release|Any CPU
		{D57F09F5-31D0-462C-BF88-B0137F684B0E}.Debug|Any CPU.ActiveCfg = Debug|Any CPU
		{D57F09F5-31D0-462C-BF88-B0137F684B0E}.Debug|Any CPU.Build.0 = Debug|Any CPU
		{D57F09F5-31D0-462C-BF88-B0137F684B0E}.Debug|x64.ActiveCfg = Debug|Any CPU
		{D57F09F5-31D0-462C-BF88-B0137F684B0E}.Debug|x64.Build.0 = Debug|Any CPU
		{D57F09F5-31D0-462C-BF88-B0137F684B0E}.Debug|x86.ActiveCfg = Debug|Any CPU
		{D57F09F5-31D0-462C-BF88-B0137F684B0E}.Debug|x86.Build.0 = Debug|Any CPU
		{D57F09F5-31D0-462C-BF88-B0137F684B0E}.Release|Any CPU.ActiveCfg = Release|Any CPU
		{D57F09F5-31D0-462C-BF88-B0137F684B0E}.Release|Any CPU.Build.0 = Release|Any CPU
		{D57F09F5-31D0-462C-BF88-B0137F684B0E}.Release|x64.ActiveCfg = Release|Any CPU
		{D57F09F5-31D0-462C-BF88-B0137F684B0E}.Release|x64.Build.0 = Release|Any CPU
		{D57F09F5-31D0-462C-BF88-B0137F684B0E}.Release|x86.ActiveCfg = Release|Any CPU
		{D57F09F5-31D0-462C-BF88-B0137F684B0E}.Release|x86.Build.0 = Release|Any CPU
	EndGlobalSection
	GlobalSection(SolutionProperties) = preSolution
		HideSolutionNode = FALSE
	EndGlobalSection
	GlobalSection(ExtensibilityGlobals) = postSolution
		SolutionGuid = {F99AF0A7-C4A7-4C2F-8914-49A9EFF6CCE3}
	EndGlobalSection
EndGlobal
